// !$*UTF8*$!
{
	archiveVersion = 1;
	classes = {
	};
	objectVersion = 56;
	objects = {

/* Begin PBXBuildFile section */
		317DE28A2CB1D42C0040A0EA /* CustomBodyPixellateFilter.swift in Sources */ = {isa = PBXBuildFile; fileRef = 317DE2892CB1D42C0040A0EA /* CustomBodyPixellateFilter.swift */; };
		317DE28B2CB1D42C0040A0EA /* CustomBodyPixellateFilter.swift in Sources */ = {isa = PBXBuildFile; fileRef = 317DE2892CB1D42C0040A0EA /* CustomBodyPixellateFilter.swift */; };
		3193C7462C8AFBF70018948F /* PhotoEditingPreview.swift in Sources */ = {isa = PBXBuildFile; fileRef = 31985CD32C654FD400C3273C /* PhotoEditingPreview.swift */; };
		3193C7472C8AFC1C0018948F /* ProcessedImageView.swift in Sources */ = {isa = PBXBuildFile; fileRef = 31544F9A2C73D2C5006FADF5 /* ProcessedImageView.swift */; };
		3193C7482C8AFC260018948F /* ProcessedImageView.swift in Sources */ = {isa = PBXBuildFile; fileRef = 31544F9A2C73D2C5006FADF5 /* ProcessedImageView.swift */; };
		3193C74A2C8AFC690018948F /* PhotoEditingPreview.swift in Sources */ = {isa = PBXBuildFile; fileRef = 31985CD32C654FD400C3273C /* PhotoEditingPreview.swift */; };
		31985C902C64B5E300C3273C /* MarkonApp.swift in Sources */ = {isa = PBXBuildFile; fileRef = 31985C8F2C64B5E300C3273C /* MarkonApp.swift */; };
		31985C922C64B5E300C3273C /* ContentView.swift in Sources */ = {isa = PBXBuildFile; fileRef = 31985C912C64B5E300C3273C /* ContentView.swift */; };
		31985C942C64B5E400C3273C /* Assets.xcassets in Resources */ = {isa = PBXBuildFile; fileRef = 31985C932C64B5E400C3273C /* Assets.xcassets */; };
		31985C972C64B5E400C3273C /* Preview Assets.xcassets in Resources */ = {isa = PBXBuildFile; fileRef = 31985C962C64B5E400C3273C /* Preview Assets.xcassets */; };
		31985CA22C64B5E400C3273C /* MarkonTests.swift in Sources */ = {isa = PBXBuildFile; fileRef = 31985CA12C64B5E400C3273C /* MarkonTests.swift */; };
		31985CAC2C64B5E400C3273C /* MarkonUITests.swift in Sources */ = {isa = PBXBuildFile; fileRef = 31985CAB2C64B5E400C3273C /* MarkonUITests.swift */; };
		31985CAE2C64B5E400C3273C /* MarkonUITestsLaunchTests.swift in Sources */ = {isa = PBXBuildFile; fileRef = 31985CAD2C64B5E400C3273C /* MarkonUITestsLaunchTests.swift */; };
		31985CC12C64F74F00C3273C /* PhotosUI.framework in Frameworks */ = {isa = PBXBuildFile; fileRef = 31985CC02C64F74F00C3273C /* PhotosUI.framework */; };
		31985CC32C64F74F00C3273C /* Photos.framework in Frameworks */ = {isa = PBXBuildFile; fileRef = 31985CC22C64F74F00C3273C /* Photos.framework */; };
		31985CC62C64F74F00C3273C /* PhotoEditingViewController.swift in Sources */ = {isa = PBXBuildFile; fileRef = 31985CC52C64F74F00C3273C /* PhotoEditingViewController.swift */; };
		31985CCE2C64F74F00C3273C /* MarkonExtension.appex in Embed Foundation Extensions */ = {isa = PBXBuildFile; fileRef = 31985CBE2C64F74F00C3273C /* MarkonExtension.appex */; settings = {ATTRIBUTES = (RemoveHeadersOnCopy, ); }; };
		319EC8C72CAEAB0000E0BA15 /* CustomML_pencilFilter.swift in Sources */ = {isa = PBXBuildFile; fileRef = 319EC8C62CAEAAF500E0BA15 /* CustomML_pencilFilter.swift */; };
		319EC8C82CAEAB0000E0BA15 /* CustomML_pencilFilter.swift in Sources */ = {isa = PBXBuildFile; fileRef = 319EC8C62CAEAAF500E0BA15 /* CustomML_pencilFilter.swift */; };
		319EC8CC2CAEC14500E0BA15 /* CustomML_pencil.mlpackage in Sources */ = {isa = PBXBuildFile; fileRef = 319EC8CB2CAEC14500E0BA15 /* CustomML_pencil.mlpackage */; };
		319EC8CD2CAEC14500E0BA15 /* CustomML_pencil.mlpackage in Sources */ = {isa = PBXBuildFile; fileRef = 319EC8CB2CAEC14500E0BA15 /* CustomML_pencil.mlpackage */; };
		319EC8CF2CAEC15B00E0BA15 /* CustomML_waterpaint.mlpackage in Sources */ = {isa = PBXBuildFile; fileRef = 319EC8CE2CAEC15B00E0BA15 /* CustomML_waterpaint.mlpackage */; };
		319EC8D02CAEC15B00E0BA15 /* CustomML_waterpaint.mlpackage in Sources */ = {isa = PBXBuildFile; fileRef = 319EC8CE2CAEC15B00E0BA15 /* CustomML_waterpaint.mlpackage */; };
		319EC8D22CAF2A7B00E0BA15 /* CustomML_waterpaintFilter.swift in Sources */ = {isa = PBXBuildFile; fileRef = 319EC8D12CAF2A6B00E0BA15 /* CustomML_waterpaintFilter.swift */; };
		319EC8D32CAF2A7B00E0BA15 /* CustomML_waterpaintFilter.swift in Sources */ = {isa = PBXBuildFile; fileRef = 319EC8D12CAF2A6B00E0BA15 /* CustomML_waterpaintFilter.swift */; };
		31A9AEA32CA698BD00C48BA4 /* CIFilterEffect.swift in Sources */ = {isa = PBXBuildFile; fileRef = 31A9AEA22CA698B500C48BA4 /* CIFilterEffect.swift */; };
		31A9AEA42CA698BD00C48BA4 /* CIFilterEffect.swift in Sources */ = {isa = PBXBuildFile; fileRef = 31A9AEA22CA698B500C48BA4 /* CIFilterEffect.swift */; };
		31A9AEA62CA699ED00C48BA4 /* CIFilterProcessor.swift in Sources */ = {isa = PBXBuildFile; fileRef = 31A9AEA52CA699ED00C48BA4 /* CIFilterProcessor.swift */; };
		31A9AEA72CA699ED00C48BA4 /* CIFilterProcessor.swift in Sources */ = {isa = PBXBuildFile; fileRef = 31A9AEA52CA699ED00C48BA4 /* CIFilterProcessor.swift */; };
		31A9AEAA2CA7160600C48BA4 /* ScratchyFilmFilter.swift in Sources */ = {isa = PBXBuildFile; fileRef = 31A9AEA92CA7160600C48BA4 /* ScratchyFilmFilter.swift */; };
		31A9AEAB2CA7160600C48BA4 /* ScratchyFilmFilter.swift in Sources */ = {isa = PBXBuildFile; fileRef = 31A9AEA92CA7160600C48BA4 /* ScratchyFilmFilter.swift */; };
		31AEFB4F2C9C66F800538B21 /* ImageExtensions.swift in Sources */ = {isa = PBXBuildFile; fileRef = 31AEFB4E2C9C66F400538B21 /* ImageExtensions.swift */; };
		31AEFB502C9C66F800538B21 /* ImageExtensions.swift in Sources */ = {isa = PBXBuildFile; fileRef = 31AEFB4E2C9C66F400538B21 /* ImageExtensions.swift */; };
		31D1D2232C94C28D0083732D /* MarkonEffect.swift in Sources */ = {isa = PBXBuildFile; fileRef = 31D1D2222C94C28D0083732D /* MarkonEffect.swift */; };
		31D1D2242C94C2B10083732D /* MarkonEffect.swift in Sources */ = {isa = PBXBuildFile; fileRef = 31D1D2222C94C28D0083732D /* MarkonEffect.swift */; };
		31D5458E2CAFF36800F92076 /* CustomFacePixellateFilter.swift in Sources */ = {isa = PBXBuildFile; fileRef = 31D5458D2CAFF36800F92076 /* CustomFacePixellateFilter.swift */; };
		31D5458F2CAFF36800F92076 /* CustomFacePixellateFilter.swift in Sources */ = {isa = PBXBuildFile; fileRef = 31D5458D2CAFF36800F92076 /* CustomFacePixellateFilter.swift */; };
/* End PBXBuildFile section */

/* Begin PBXContainerItemProxy section */
		31985C9E2C64B5E400C3273C /* PBXContainerItemProxy */ = {
			isa = PBXContainerItemProxy;
			containerPortal = 31985C842C64B5E300C3273C /* Project object */;
			proxyType = 1;
			remoteGlobalIDString = 31985C8B2C64B5E300C3273C;
			remoteInfo = Markon;
		};
		31985CA82C64B5E400C3273C /* PBXContainerItemProxy */ = {
			isa = PBXContainerItemProxy;
			containerPortal = 31985C842C64B5E300C3273C /* Project object */;
			proxyType = 1;
			remoteGlobalIDString = 31985C8B2C64B5E300C3273C;
			remoteInfo = Markon;
		};
		31985CCC2C64F74F00C3273C /* PBXContainerItemProxy */ = {
			isa = PBXContainerItemProxy;
			containerPortal = 31985C842C64B5E300C3273C /* Project object */;
			proxyType = 1;
			remoteGlobalIDString = 31985CBD2C64F74F00C3273C;
			remoteInfo = MarkonExtension;
		};
/* End PBXContainerItemProxy section */

/* Begin PBXCopyFilesBuildPhase section */
		31985CD22C64F74F00C3273C /* Embed Foundation Extensions */ = {
			isa = PBXCopyFilesBuildPhase;
			buildActionMask = 2147483647;
			dstPath = "";
			dstSubfolderSpec = 13;
			files = (
				31985CCE2C64F74F00C3273C /* MarkonExtension.appex in Embed Foundation Extensions */,
			);
			name = "Embed Foundation Extensions";
			runOnlyForDeploymentPostprocessing = 0;
		};
/* End PBXCopyFilesBuildPhase section */

/* Begin PBXFileReference section */
		31544F9A2C73D2C5006FADF5 /* ProcessedImageView.swift */ = {isa = PBXFileReference; lastKnownFileType = sourcecode.swift; path = ProcessedImageView.swift; sourceTree = "<group>"; };
		317DE2892CB1D42C0040A0EA /* CustomBodyPixellateFilter.swift */ = {isa = PBXFileReference; lastKnownFileType = sourcecode.swift; path = CustomBodyPixellateFilter.swift; sourceTree = "<group>"; };
		318DE69B2CAAF56700246E5A /* LaunchScreen.storyboard */ = {isa = PBXFileReference; lastKnownFileType = file.storyboard; path = LaunchScreen.storyboard; sourceTree = "<group>"; };
		318DE69E2CAB0DF400246E5A /* Info.plist */ = {isa = PBXFileReference; lastKnownFileType = text.plist; path = Info.plist; sourceTree = "<group>"; };
		318DE6A52CAC1FB500246E5A /* README.md */ = {isa = PBXFileReference; lastKnownFileType = net.daringfireball.markdown; path = README.md; sourceTree = SOURCE_ROOT; };
		318DE6A62CAC1FC300246E5A /* License.txt */ = {isa = PBXFileReference; lastKnownFileType = text; path = License.txt; sourceTree = SOURCE_ROOT; };
		31985C8C2C64B5E300C3273C /* Markon.app */ = {isa = PBXFileReference; explicitFileType = wrapper.application; includeInIndex = 0; path = Markon.app; sourceTree = BUILT_PRODUCTS_DIR; };
		31985C8F2C64B5E300C3273C /* MarkonApp.swift */ = {isa = PBXFileReference; lastKnownFileType = sourcecode.swift; path = MarkonApp.swift; sourceTree = "<group>"; };
		31985C912C64B5E300C3273C /* ContentView.swift */ = {isa = PBXFileReference; lastKnownFileType = sourcecode.swift; path = ContentView.swift; sourceTree = "<group>"; };
		31985C932C64B5E400C3273C /* Assets.xcassets */ = {isa = PBXFileReference; lastKnownFileType = folder.assetcatalog; path = Assets.xcassets; sourceTree = "<group>"; };
		31985C962C64B5E400C3273C /* Preview Assets.xcassets */ = {isa = PBXFileReference; lastKnownFileType = folder.assetcatalog; path = "Preview Assets.xcassets"; sourceTree = "<group>"; };
		31985C982C64B5E400C3273C /* Markon.entitlements */ = {isa = PBXFileReference; lastKnownFileType = text.plist.entitlements; path = Markon.entitlements; sourceTree = "<group>"; };
		31985C9D2C64B5E400C3273C /* MarkonTests.xctest */ = {isa = PBXFileReference; explicitFileType = wrapper.cfbundle; includeInIndex = 0; path = MarkonTests.xctest; sourceTree = BUILT_PRODUCTS_DIR; };
		31985CA12C64B5E400C3273C /* MarkonTests.swift */ = {isa = PBXFileReference; lastKnownFileType = sourcecode.swift; path = MarkonTests.swift; sourceTree = "<group>"; };
		31985CA72C64B5E400C3273C /* MarkonUITests.xctest */ = {isa = PBXFileReference; explicitFileType = wrapper.cfbundle; includeInIndex = 0; path = MarkonUITests.xctest; sourceTree = BUILT_PRODUCTS_DIR; };
		31985CAB2C64B5E400C3273C /* MarkonUITests.swift */ = {isa = PBXFileReference; lastKnownFileType = sourcecode.swift; path = MarkonUITests.swift; sourceTree = "<group>"; };
		31985CAD2C64B5E400C3273C /* MarkonUITestsLaunchTests.swift */ = {isa = PBXFileReference; lastKnownFileType = sourcecode.swift; path = MarkonUITestsLaunchTests.swift; sourceTree = "<group>"; };
		31985CBE2C64F74F00C3273C /* MarkonExtension.appex */ = {isa = PBXFileReference; explicitFileType = "wrapper.app-extension"; includeInIndex = 0; path = MarkonExtension.appex; sourceTree = BUILT_PRODUCTS_DIR; };
		31985CC02C64F74F00C3273C /* PhotosUI.framework */ = {isa = PBXFileReference; lastKnownFileType = wrapper.framework; name = PhotosUI.framework; path = System/Library/Frameworks/PhotosUI.framework; sourceTree = SDKROOT; };
		31985CC22C64F74F00C3273C /* Photos.framework */ = {isa = PBXFileReference; lastKnownFileType = wrapper.framework; name = Photos.framework; path = System/Library/Frameworks/Photos.framework; sourceTree = SDKROOT; };
		31985CC52C64F74F00C3273C /* PhotoEditingViewController.swift */ = {isa = PBXFileReference; lastKnownFileType = sourcecode.swift; path = PhotoEditingViewController.swift; sourceTree = "<group>"; };
		31985CCA2C64F74F00C3273C /* Info.plist */ = {isa = PBXFileReference; lastKnownFileType = text.plist.xml; path = Info.plist; sourceTree = "<group>"; };
		31985CCB2C64F74F00C3273C /* MarkonExtension.entitlements */ = {isa = PBXFileReference; lastKnownFileType = text.plist.entitlements; path = MarkonExtension.entitlements; sourceTree = "<group>"; };
		31985CD32C654FD400C3273C /* PhotoEditingPreview.swift */ = {isa = PBXFileReference; lastKnownFileType = sourcecode.swift; path = PhotoEditingPreview.swift; sourceTree = "<group>"; };
		31985CD72C65FF7400C3273C /* FilterPlayground.playground */ = {isa = PBXFileReference; lastKnownFileType = file.playground; path = FilterPlayground.playground; sourceTree = "<group>"; xcLanguageSpecificationIdentifier = xcode.lang.swift; };
		319EC8C62CAEAAF500E0BA15 /* CustomML_pencilFilter.swift */ = {isa = PBXFileReference; lastKnownFileType = sourcecode.swift; path = CustomML_pencilFilter.swift; sourceTree = "<group>"; };
		319EC8CB2CAEC14500E0BA15 /* CustomML_pencil.mlpackage */ = {isa = PBXFileReference; lastKnownFileType = folder.mlpackage; path = CustomML_pencil.mlpackage; sourceTree = "<group>"; };
		319EC8CE2CAEC15B00E0BA15 /* CustomML_waterpaint.mlpackage */ = {isa = PBXFileReference; lastKnownFileType = folder.mlpackage; path = CustomML_waterpaint.mlpackage; sourceTree = "<group>"; };
		319EC8D12CAF2A6B00E0BA15 /* CustomML_waterpaintFilter.swift */ = {isa = PBXFileReference; lastKnownFileType = sourcecode.swift; path = CustomML_waterpaintFilter.swift; sourceTree = "<group>"; };
		31A9AEA22CA698B500C48BA4 /* CIFilterEffect.swift */ = {isa = PBXFileReference; lastKnownFileType = sourcecode.swift; path = CIFilterEffect.swift; sourceTree = "<group>"; };
		31A9AEA52CA699ED00C48BA4 /* CIFilterProcessor.swift */ = {isa = PBXFileReference; lastKnownFileType = sourcecode.swift; path = CIFilterProcessor.swift; sourceTree = "<group>"; };
		31A9AEA92CA7160600C48BA4 /* ScratchyFilmFilter.swift */ = {isa = PBXFileReference; lastKnownFileType = sourcecode.swift; path = ScratchyFilmFilter.swift; sourceTree = "<group>"; };
		31AEFB4E2C9C66F400538B21 /* ImageExtensions.swift */ = {isa = PBXFileReference; lastKnownFileType = sourcecode.swift; path = ImageExtensions.swift; sourceTree = "<group>"; };
		31D1D2222C94C28D0083732D /* MarkonEffect.swift */ = {isa = PBXFileReference; lastKnownFileType = sourcecode.swift; path = MarkonEffect.swift; sourceTree = "<group>"; };
		31D5458D2CAFF36800F92076 /* CustomFacePixellateFilter.swift */ = {isa = PBXFileReference; lastKnownFileType = sourcecode.swift; path = CustomFacePixellateFilter.swift; sourceTree = "<group>"; };
/* End PBXFileReference section */

/* Begin PBXFrameworksBuildPhase section */
		31985C892C64B5E300C3273C /* Frameworks */ = {
			isa = PBXFrameworksBuildPhase;
			buildActionMask = 2147483647;
			files = (
			);
			runOnlyForDeploymentPostprocessing = 0;
		};
		31985C9A2C64B5E400C3273C /* Frameworks */ = {
			isa = PBXFrameworksBuildPhase;
			buildActionMask = 2147483647;
			files = (
			);
			runOnlyForDeploymentPostprocessing = 0;
		};
		31985CA42C64B5E400C3273C /* Frameworks */ = {
			isa = PBXFrameworksBuildPhase;
			buildActionMask = 2147483647;
			files = (
			);
			runOnlyForDeploymentPostprocessing = 0;
		};
		31985CBB2C64F74F00C3273C /* Frameworks */ = {
			isa = PBXFrameworksBuildPhase;
			buildActionMask = 2147483647;
			files = (
				31985CC12C64F74F00C3273C /* PhotosUI.framework in Frameworks */,
				31985CC32C64F74F00C3273C /* Photos.framework in Frameworks */,
			);
			runOnlyForDeploymentPostprocessing = 0;
		};
/* End PBXFrameworksBuildPhase section */

/* Begin PBXGroup section */
		31985C832C64B5E300C3273C = {
			isa = PBXGroup;
			children = (
				31985C8E2C64B5E300C3273C /* Markon */,
				31985CA02C64B5E400C3273C /* MarkonTests */,
				31985CAA2C64B5E400C3273C /* MarkonUITests */,
				31985CC42C64F74F00C3273C /* MarkonExtension */,
				31985CBF2C64F74F00C3273C /* Frameworks */,
				31985C8D2C64B5E300C3273C /* Products */,
			);
			sourceTree = "<group>";
		};
		31985C8D2C64B5E300C3273C /* Products */ = {
			isa = PBXGroup;
			children = (
				31985C8C2C64B5E300C3273C /* Markon.app */,
				31985C9D2C64B5E400C3273C /* MarkonTests.xctest */,
				31985CA72C64B5E400C3273C /* MarkonUITests.xctest */,
				31985CBE2C64F74F00C3273C /* MarkonExtension.appex */,
			);
			name = Products;
			sourceTree = "<group>";
		};
		31985C8E2C64B5E300C3273C /* Markon */ = {
			isa = PBXGroup;
			children = (
				318DE69E2CAB0DF400246E5A /* Info.plist */,
				31985C8F2C64B5E300C3273C /* MarkonApp.swift */,
				31985C912C64B5E300C3273C /* ContentView.swift */,
				31985CD32C654FD400C3273C /* PhotoEditingPreview.swift */,
				31544F9A2C73D2C5006FADF5 /* ProcessedImageView.swift */,
				31D1D2222C94C28D0083732D /* MarkonEffect.swift */,
				31A9AEA22CA698B500C48BA4 /* CIFilterEffect.swift */,
				31A9AEA52CA699ED00C48BA4 /* CIFilterProcessor.swift */,
				31AEFB4E2C9C66F400538B21 /* ImageExtensions.swift */,
				318DE69B2CAAF56700246E5A /* LaunchScreen.storyboard */,
				31A9AEA82CA715BF00C48BA4 /* CustomFilter */,
				31985C932C64B5E400C3273C /* Assets.xcassets */,
				31985C982C64B5E400C3273C /* Markon.entitlements */,
				31985C952C64B5E400C3273C /* Preview Content */,
				31985CD72C65FF7400C3273C /* FilterPlayground.playground */,
				318DE6A52CAC1FB500246E5A /* README.md */,
				318DE6A62CAC1FC300246E5A /* License.txt */,
			);
			path = Markon;
			sourceTree = "<group>";
		};
		31985C952C64B5E400C3273C /* Preview Content */ = {
			isa = PBXGroup;
			children = (
				31985C962C64B5E400C3273C /* Preview Assets.xcassets */,
			);
			path = "Preview Content";
			sourceTree = "<group>";
		};
		31985CA02C64B5E400C3273C /* MarkonTests */ = {
			isa = PBXGroup;
			children = (
				31985CA12C64B5E400C3273C /* MarkonTests.swift */,
			);
			path = MarkonTests;
			sourceTree = "<group>";
		};
		31985CAA2C64B5E400C3273C /* MarkonUITests */ = {
			isa = PBXGroup;
			children = (
				31985CAB2C64B5E400C3273C /* MarkonUITests.swift */,
				31985CAD2C64B5E400C3273C /* MarkonUITestsLaunchTests.swift */,
			);
			path = MarkonUITests;
			sourceTree = "<group>";
		};
		31985CBF2C64F74F00C3273C /* Frameworks */ = {
			isa = PBXGroup;
			children = (
				31985CC02C64F74F00C3273C /* PhotosUI.framework */,
				31985CC22C64F74F00C3273C /* Photos.framework */,
			);
			name = Frameworks;
			sourceTree = "<group>";
		};
		31985CC42C64F74F00C3273C /* MarkonExtension */ = {
			isa = PBXGroup;
			children = (
				31985CC52C64F74F00C3273C /* PhotoEditingViewController.swift */,
				31985CCA2C64F74F00C3273C /* Info.plist */,
				31985CCB2C64F74F00C3273C /* MarkonExtension.entitlements */,
			);
			path = MarkonExtension;
			sourceTree = "<group>";
		};
		31A9AEA82CA715BF00C48BA4 /* CustomFilter */ = {
			isa = PBXGroup;
			children = (
				317DE2892CB1D42C0040A0EA /* CustomBodyPixellateFilter.swift */,
				31D5458D2CAFF36800F92076 /* CustomFacePixellateFilter.swift */,
				31A9AEA92CA7160600C48BA4 /* ScratchyFilmFilter.swift */,
				319EC8CE2CAEC15B00E0BA15 /* CustomML_waterpaint.mlpackage */,
				319EC8D12CAF2A6B00E0BA15 /* CustomML_waterpaintFilter.swift */,
				319EC8CB2CAEC14500E0BA15 /* CustomML_pencil.mlpackage */,
				319EC8C62CAEAAF500E0BA15 /* CustomML_pencilFilter.swift */,
			);
			path = CustomFilter;
			sourceTree = "<group>";
		};
/* End PBXGroup section */

/* Begin PBXNativeTarget section */
		31985C8B2C64B5E300C3273C /* Markon */ = {
			isa = PBXNativeTarget;
			buildConfigurationList = 31985CB12C64B5E400C3273C /* Build configuration list for PBXNativeTarget "Markon" */;
			buildPhases = (
				31985C882C64B5E300C3273C /* Sources */,
				31985C892C64B5E300C3273C /* Frameworks */,
				31985C8A2C64B5E300C3273C /* Resources */,
				31985CD22C64F74F00C3273C /* Embed Foundation Extensions */,
			);
			buildRules = (
			);
			dependencies = (
				31985CCD2C64F74F00C3273C /* PBXTargetDependency */,
			);
			name = Markon;
			packageProductDependencies = (
			);
			productName = Markon;
			productReference = 31985C8C2C64B5E300C3273C /* Markon.app */;
			productType = "com.apple.product-type.application";
		};
		31985C9C2C64B5E400C3273C /* MarkonTests */ = {
			isa = PBXNativeTarget;
			buildConfigurationList = 31985CB42C64B5E400C3273C /* Build configuration list for PBXNativeTarget "MarkonTests" */;
			buildPhases = (
				31985C992C64B5E400C3273C /* Sources */,
				31985C9A2C64B5E400C3273C /* Frameworks */,
				31985C9B2C64B5E400C3273C /* Resources */,
			);
			buildRules = (
			);
			dependencies = (
				31985C9F2C64B5E400C3273C /* PBXTargetDependency */,
			);
			name = MarkonTests;
			productName = MarkonTests;
			productReference = 31985C9D2C64B5E400C3273C /* MarkonTests.xctest */;
			productType = "com.apple.product-type.bundle.unit-test";
		};
		31985CA62C64B5E400C3273C /* MarkonUITests */ = {
			isa = PBXNativeTarget;
			buildConfigurationList = 31985CB72C64B5E400C3273C /* Build configuration list for PBXNativeTarget "MarkonUITests" */;
			buildPhases = (
				31985CA32C64B5E400C3273C /* Sources */,
				31985CA42C64B5E400C3273C /* Frameworks */,
				31985CA52C64B5E400C3273C /* Resources */,
			);
			buildRules = (
			);
			dependencies = (
				31985CA92C64B5E400C3273C /* PBXTargetDependency */,
			);
			name = MarkonUITests;
			productName = MarkonUITests;
			productReference = 31985CA72C64B5E400C3273C /* MarkonUITests.xctest */;
			productType = "com.apple.product-type.bundle.ui-testing";
		};
		31985CBD2C64F74F00C3273C /* MarkonExtension */ = {
			isa = PBXNativeTarget;
			buildConfigurationList = 31985CCF2C64F74F00C3273C /* Build configuration list for PBXNativeTarget "MarkonExtension" */;
			buildPhases = (
				31985CBA2C64F74F00C3273C /* Sources */,
				31985CBB2C64F74F00C3273C /* Frameworks */,
				31985CBC2C64F74F00C3273C /* Resources */,
			);
			buildRules = (
			);
			dependencies = (
			);
			name = MarkonExtension;
			packageProductDependencies = (
			);
			productName = MarkonExtension;
			productReference = 31985CBE2C64F74F00C3273C /* MarkonExtension.appex */;
			productType = "com.apple.product-type.app-extension";
		};
/* End PBXNativeTarget section */

/* Begin PBXProject section */
		31985C842C64B5E300C3273C /* Project object */ = {
			isa = PBXProject;
			attributes = {
				BuildIndependentTargetsInParallel = 1;
				LastSwiftUpdateCheck = 1540;
				LastUpgradeCheck = 1540;
				TargetAttributes = {
					31985C8B2C64B5E300C3273C = {
						CreatedOnToolsVersion = 15.4;
					};
					31985C9C2C64B5E400C3273C = {
						CreatedOnToolsVersion = 15.4;
						TestTargetID = 31985C8B2C64B5E300C3273C;
					};
					31985CA62C64B5E400C3273C = {
						CreatedOnToolsVersion = 15.4;
						TestTargetID = 31985C8B2C64B5E300C3273C;
					};
					31985CBD2C64F74F00C3273C = {
						CreatedOnToolsVersion = 15.4;
					};
				};
			};
			buildConfigurationList = 31985C872C64B5E300C3273C /* Build configuration list for PBXProject "Markon" */;
			compatibilityVersion = "Xcode 14.0";
			developmentRegion = en;
			hasScannedForEncodings = 0;
			knownRegions = (
				en,
				Base,
			);
			mainGroup = 31985C832C64B5E300C3273C;
			packageReferences = (
			);
			productRefGroup = 31985C8D2C64B5E300C3273C /* Products */;
			projectDirPath = "";
			projectRoot = "";
			targets = (
				31985C8B2C64B5E300C3273C /* Markon */,
				31985C9C2C64B5E400C3273C /* MarkonTests */,
				31985CA62C64B5E400C3273C /* MarkonUITests */,
				31985CBD2C64F74F00C3273C /* MarkonExtension */,
			);
		};
/* End PBXProject section */

/* Begin PBXResourcesBuildPhase section */
		31985C8A2C64B5E300C3273C /* Resources */ = {
			isa = PBXResourcesBuildPhase;
			buildActionMask = 2147483647;
			files = (
				31985C972C64B5E400C3273C /* Preview Assets.xcassets in Resources */,
				31985C942C64B5E400C3273C /* Assets.xcassets in Resources */,
			);
			runOnlyForDeploymentPostprocessing = 0;
		};
		31985C9B2C64B5E400C3273C /* Resources */ = {
			isa = PBXResourcesBuildPhase;
			buildActionMask = 2147483647;
			files = (
			);
			runOnlyForDeploymentPostprocessing = 0;
		};
		31985CA52C64B5E400C3273C /* Resources */ = {
			isa = PBXResourcesBuildPhase;
			buildActionMask = 2147483647;
			files = (
			);
			runOnlyForDeploymentPostprocessing = 0;
		};
		31985CBC2C64F74F00C3273C /* Resources */ = {
			isa = PBXResourcesBuildPhase;
			buildActionMask = 2147483647;
			files = (
			);
			runOnlyForDeploymentPostprocessing = 0;
		};
/* End PBXResourcesBuildPhase section */

/* Begin PBXSourcesBuildPhase section */
		31985C882C64B5E300C3273C /* Sources */ = {
			isa = PBXSourcesBuildPhase;
			buildActionMask = 2147483647;
			files = (
				31985C922C64B5E300C3273C /* ContentView.swift in Sources */,
				319EC8CC2CAEC14500E0BA15 /* CustomML_pencil.mlpackage in Sources */,
				319EC8CF2CAEC15B00E0BA15 /* CustomML_waterpaint.mlpackage in Sources */,
				31D1D2232C94C28D0083732D /* MarkonEffect.swift in Sources */,
				319EC8C72CAEAB0000E0BA15 /* CustomML_pencilFilter.swift in Sources */,
				31A9AEA42CA698BD00C48BA4 /* CIFilterEffect.swift in Sources */,
				31A9AEA72CA699ED00C48BA4 /* CIFilterProcessor.swift in Sources */,
				31AEFB502C9C66F800538B21 /* ImageExtensions.swift in Sources */,
				3193C7472C8AFC1C0018948F /* ProcessedImageView.swift in Sources */,
				31A9AEAA2CA7160600C48BA4 /* ScratchyFilmFilter.swift in Sources */,
				317DE28A2CB1D42C0040A0EA /* CustomBodyPixellateFilter.swift in Sources */,
				3193C7462C8AFBF70018948F /* PhotoEditingPreview.swift in Sources */,
				319EC8D22CAF2A7B00E0BA15 /* CustomML_waterpaintFilter.swift in Sources */,
				31D5458E2CAFF36800F92076 /* CustomFacePixellateFilter.swift in Sources */,
				31985C902C64B5E300C3273C /* MarkonApp.swift in Sources */,
			);
			runOnlyForDeploymentPostprocessing = 0;
		};
		31985C992C64B5E400C3273C /* Sources */ = {
			isa = PBXSourcesBuildPhase;
			buildActionMask = 2147483647;
			files = (
				31985CA22C64B5E400C3273C /* MarkonTests.swift in Sources */,
			);
			runOnlyForDeploymentPostprocessing = 0;
		};
		31985CA32C64B5E400C3273C /* Sources */ = {
			isa = PBXSourcesBuildPhase;
			buildActionMask = 2147483647;
			files = (
				31985CAE2C64B5E400C3273C /* MarkonUITestsLaunchTests.swift in Sources */,
				31985CAC2C64B5E400C3273C /* MarkonUITests.swift in Sources */,
			);
			runOnlyForDeploymentPostprocessing = 0;
		};
		31985CBA2C64F74F00C3273C /* Sources */ = {
			isa = PBXSourcesBuildPhase;
			buildActionMask = 2147483647;
			files = (
				31A9AEA62CA699ED00C48BA4 /* CIFilterProcessor.swift in Sources */,
				31AEFB4F2C9C66F800538B21 /* ImageExtensions.swift in Sources */,
				319EC8D02CAEC15B00E0BA15 /* CustomML_waterpaint.mlpackage in Sources */,
				31A9AEAB2CA7160600C48BA4 /* ScratchyFilmFilter.swift in Sources */,
				31D5458F2CAFF36800F92076 /* CustomFacePixellateFilter.swift in Sources */,
				3193C74A2C8AFC690018948F /* PhotoEditingPreview.swift in Sources */,
				319EC8CD2CAEC14500E0BA15 /* CustomML_pencil.mlpackage in Sources */,
				317DE28B2CB1D42C0040A0EA /* CustomBodyPixellateFilter.swift in Sources */,
				319EC8D32CAF2A7B00E0BA15 /* CustomML_waterpaintFilter.swift in Sources */,
				31D1D2242C94C2B10083732D /* MarkonEffect.swift in Sources */,
				3193C7482C8AFC260018948F /* ProcessedImageView.swift in Sources */,
				31A9AEA32CA698BD00C48BA4 /* CIFilterEffect.swift in Sources */,
				319EC8C82CAEAB0000E0BA15 /* CustomML_pencilFilter.swift in Sources */,
				31985CC62C64F74F00C3273C /* PhotoEditingViewController.swift in Sources */,
			);
			runOnlyForDeploymentPostprocessing = 0;
		};
/* End PBXSourcesBuildPhase section */

/* Begin PBXTargetDependency section */
		31985C9F2C64B5E400C3273C /* PBXTargetDependency */ = {
			isa = PBXTargetDependency;
			target = 31985C8B2C64B5E300C3273C /* Markon */;
			targetProxy = 31985C9E2C64B5E400C3273C /* PBXContainerItemProxy */;
		};
		31985CA92C64B5E400C3273C /* PBXTargetDependency */ = {
			isa = PBXTargetDependency;
			target = 31985C8B2C64B5E300C3273C /* Markon */;
			targetProxy = 31985CA82C64B5E400C3273C /* PBXContainerItemProxy */;
		};
		31985CCD2C64F74F00C3273C /* PBXTargetDependency */ = {
			isa = PBXTargetDependency;
			target = 31985CBD2C64F74F00C3273C /* MarkonExtension */;
			targetProxy = 31985CCC2C64F74F00C3273C /* PBXContainerItemProxy */;
		};
/* End PBXTargetDependency section */

/* Begin XCBuildConfiguration section */
		31985CAF2C64B5E400C3273C /* Debug */ = {
			isa = XCBuildConfiguration;
			buildSettings = {
				ALWAYS_SEARCH_USER_PATHS = NO;
				ASSETCATALOG_COMPILER_GENERATE_SWIFT_ASSET_SYMBOL_EXTENSIONS = YES;
				CLANG_ANALYZER_NONNULL = YES;
				CLANG_ANALYZER_NUMBER_OBJECT_CONVERSION = YES_AGGRESSIVE;
				CLANG_CXX_LANGUAGE_STANDARD = "gnu++20";
				CLANG_ENABLE_MODULES = YES;
				CLANG_ENABLE_OBJC_ARC = YES;
				CLANG_ENABLE_OBJC_WEAK = YES;
				CLANG_WARN_BLOCK_CAPTURE_AUTORELEASING = YES;
				CLANG_WARN_BOOL_CONVERSION = YES;
				CLANG_WARN_COMMA = YES;
				CLANG_WARN_CONSTANT_CONVERSION = YES;
				CLANG_WARN_DEPRECATED_OBJC_IMPLEMENTATIONS = YES;
				CLANG_WARN_DIRECT_OBJC_ISA_USAGE = YES_ERROR;
				CLANG_WARN_DOCUMENTATION_COMMENTS = YES;
				CLANG_WARN_EMPTY_BODY = YES;
				CLANG_WARN_ENUM_CONVERSION = YES;
				CLANG_WARN_INFINITE_RECURSION = YES;
				CLANG_WARN_INT_CONVERSION = YES;
				CLANG_WARN_NON_LITERAL_NULL_CONVERSION = YES;
				CLANG_WARN_OBJC_IMPLICIT_RETAIN_SELF = YES;
				CLANG_WARN_OBJC_LITERAL_CONVERSION = YES;
				CLANG_WARN_OBJC_ROOT_CLASS = YES_ERROR;
				CLANG_WARN_QUOTED_INCLUDE_IN_FRAMEWORK_HEADER = YES;
				CLANG_WARN_RANGE_LOOP_ANALYSIS = YES;
				CLANG_WARN_STRICT_PROTOTYPES = YES;
				CLANG_WARN_SUSPICIOUS_MOVE = YES;
				CLANG_WARN_UNGUARDED_AVAILABILITY = YES_AGGRESSIVE;
				CLANG_WARN_UNREACHABLE_CODE = YES;
				CLANG_WARN__DUPLICATE_METHOD_MATCH = YES;
				COPY_PHASE_STRIP = NO;
				DEBUG_INFORMATION_FORMAT = dwarf;
				ENABLE_STRICT_OBJC_MSGSEND = YES;
				ENABLE_TESTABILITY = YES;
				ENABLE_USER_SCRIPT_SANDBOXING = YES;
				GCC_C_LANGUAGE_STANDARD = gnu17;
				GCC_DYNAMIC_NO_PIC = NO;
				GCC_NO_COMMON_BLOCKS = YES;
				GCC_OPTIMIZATION_LEVEL = 0;
				GCC_PREPROCESSOR_DEFINITIONS = (
					"DEBUG=1",
					"$(inherited)",
				);
				GCC_WARN_64_TO_32_BIT_CONVERSION = YES;
				GCC_WARN_ABOUT_RETURN_TYPE = YES_ERROR;
				GCC_WARN_UNDECLARED_SELECTOR = YES;
				GCC_WARN_UNINITIALIZED_AUTOS = YES_AGGRESSIVE;
				GCC_WARN_UNUSED_FUNCTION = YES;
				GCC_WARN_UNUSED_VARIABLE = YES;
				INFOPLIST_KEY_UILaunchScreen_Generation = YES;
				INFOPLIST_KEY_UILaunchStoryboardName = "";
				LOCALIZATION_PREFERS_STRING_CATALOGS = YES;
				MACOSX_DEPLOYMENT_TARGET = 14.5;
				MTL_ENABLE_DEBUG_INFO = INCLUDE_SOURCE;
				MTL_FAST_MATH = YES;
				ONLY_ACTIVE_ARCH = YES;
				SDKROOT = macosx;
				SWIFT_ACTIVE_COMPILATION_CONDITIONS = "DEBUG $(inherited)";
				SWIFT_OPTIMIZATION_LEVEL = "-Onone";
			};
			name = Debug;
		};
		31985CB02C64B5E400C3273C /* Release */ = {
			isa = XCBuildConfiguration;
			buildSettings = {
				ALWAYS_SEARCH_USER_PATHS = NO;
				ASSETCATALOG_COMPILER_GENERATE_SWIFT_ASSET_SYMBOL_EXTENSIONS = YES;
				CLANG_ANALYZER_NONNULL = YES;
				CLANG_ANALYZER_NUMBER_OBJECT_CONVERSION = YES_AGGRESSIVE;
				CLANG_CXX_LANGUAGE_STANDARD = "gnu++20";
				CLANG_ENABLE_MODULES = YES;
				CLANG_ENABLE_OBJC_ARC = YES;
				CLANG_ENABLE_OBJC_WEAK = YES;
				CLANG_WARN_BLOCK_CAPTURE_AUTORELEASING = YES;
				CLANG_WARN_BOOL_CONVERSION = YES;
				CLANG_WARN_COMMA = YES;
				CLANG_WARN_CONSTANT_CONVERSION = YES;
				CLANG_WARN_DEPRECATED_OBJC_IMPLEMENTATIONS = YES;
				CLANG_WARN_DIRECT_OBJC_ISA_USAGE = YES_ERROR;
				CLANG_WARN_DOCUMENTATION_COMMENTS = YES;
				CLANG_WARN_EMPTY_BODY = YES;
				CLANG_WARN_ENUM_CONVERSION = YES;
				CLANG_WARN_INFINITE_RECURSION = YES;
				CLANG_WARN_INT_CONVERSION = YES;
				CLANG_WARN_NON_LITERAL_NULL_CONVERSION = YES;
				CLANG_WARN_OBJC_IMPLICIT_RETAIN_SELF = YES;
				CLANG_WARN_OBJC_LITERAL_CONVERSION = YES;
				CLANG_WARN_OBJC_ROOT_CLASS = YES_ERROR;
				CLANG_WARN_QUOTED_INCLUDE_IN_FRAMEWORK_HEADER = YES;
				CLANG_WARN_RANGE_LOOP_ANALYSIS = YES;
				CLANG_WARN_STRICT_PROTOTYPES = YES;
				CLANG_WARN_SUSPICIOUS_MOVE = YES;
				CLANG_WARN_UNGUARDED_AVAILABILITY = YES_AGGRESSIVE;
				CLANG_WARN_UNREACHABLE_CODE = YES;
				CLANG_WARN__DUPLICATE_METHOD_MATCH = YES;
				COPY_PHASE_STRIP = NO;
				DEBUG_INFORMATION_FORMAT = "dwarf-with-dsym";
				ENABLE_NS_ASSERTIONS = NO;
				ENABLE_STRICT_OBJC_MSGSEND = YES;
				ENABLE_USER_SCRIPT_SANDBOXING = YES;
				GCC_C_LANGUAGE_STANDARD = gnu17;
				GCC_NO_COMMON_BLOCKS = YES;
				GCC_WARN_64_TO_32_BIT_CONVERSION = YES;
				GCC_WARN_ABOUT_RETURN_TYPE = YES_ERROR;
				GCC_WARN_UNDECLARED_SELECTOR = YES;
				GCC_WARN_UNINITIALIZED_AUTOS = YES_AGGRESSIVE;
				GCC_WARN_UNUSED_FUNCTION = YES;
				GCC_WARN_UNUSED_VARIABLE = YES;
				INFOPLIST_KEY_UILaunchScreen_Generation = YES;
				INFOPLIST_KEY_UILaunchStoryboardName = "";
				LOCALIZATION_PREFERS_STRING_CATALOGS = YES;
				MACOSX_DEPLOYMENT_TARGET = 14.5;
				MTL_ENABLE_DEBUG_INFO = NO;
				MTL_FAST_MATH = YES;
				SDKROOT = macosx;
				SWIFT_COMPILATION_MODE = wholemodule;
			};
			name = Release;
		};
		31985CB22C64B5E400C3273C /* Debug */ = {
			isa = XCBuildConfiguration;
			buildSettings = {
				ALWAYS_EMBED_SWIFT_STANDARD_LIBRARIES = YES;
				ASSETCATALOG_COMPILER_APPICON_NAME = AppIcon;
				ASSETCATALOG_COMPILER_GLOBAL_ACCENT_COLOR_NAME = AccentColor;
				CODE_SIGN_ENTITLEMENTS = Markon/Markon.entitlements;
				CODE_SIGN_STYLE = Automatic;
				COMBINE_HIDPI_IMAGES = YES;
				CURRENT_PROJECT_VERSION = 1;
				DEVELOPMENT_ASSET_PATHS = "\"Markon/Preview Content\"";
				DEVELOPMENT_TEAM = 4U68PU9223;
				ENABLE_HARDENED_RUNTIME = YES;
				ENABLE_PREVIEWS = YES;
				GENERATE_INFOPLIST_FILE = YES;
				INFOPLIST_FILE = Markon/Info.plist;
				INFOPLIST_KEY_CFBundleDisplayName = MarkOn;
				INFOPLIST_KEY_LSApplicationCategoryType = "public.app-category.productivity";
				INFOPLIST_KEY_NSHumanReadableCopyright = "";
				INFOPLIST_KEY_UILaunchScreen_Generation = YES;
				INFOPLIST_KEY_UILaunchStoryboardName = "";
				INFOPLIST_KEY_UISupportedInterfaceOrientations = UIInterfaceOrientationPortrait;
				INFOPLIST_KEY_UISupportedInterfaceOrientations_iPad = "UIInterfaceOrientationLandscapeLeft UIInterfaceOrientationLandscapeRight UIInterfaceOrientationPortrait UIInterfaceOrientationPortraitUpsideDown";
				IPHONEOS_DEPLOYMENT_TARGET = 16.6;
				LD_RUNPATH_SEARCH_PATHS = (
					"$(inherited)",
					"@executable_path/../Frameworks",
				);
				MARKETING_VERSION = 1.0;
				PRODUCT_BUNDLE_IDENTIFIER = Fan.Markon;
				PRODUCT_NAME = "$(TARGET_NAME)";
				SUPPORTED_PLATFORMS = "iphoneos iphonesimulator macosx";
				SUPPORTS_MACCATALYST = NO;
				SWIFT_EMIT_LOC_STRINGS = YES;
				SWIFT_VERSION = 5.0;
				TARGETED_DEVICE_FAMILY = "1,2";
			};
			name = Debug;
		};
		31985CB32C64B5E400C3273C /* Release */ = {
			isa = XCBuildConfiguration;
			buildSettings = {
				ALWAYS_EMBED_SWIFT_STANDARD_LIBRARIES = YES;
				ASSETCATALOG_COMPILER_APPICON_NAME = AppIcon;
				ASSETCATALOG_COMPILER_GLOBAL_ACCENT_COLOR_NAME = AccentColor;
				CODE_SIGN_ENTITLEMENTS = Markon/Markon.entitlements;
				CODE_SIGN_STYLE = Automatic;
				COMBINE_HIDPI_IMAGES = YES;
				CURRENT_PROJECT_VERSION = 1;
				DEVELOPMENT_ASSET_PATHS = "\"Markon/Preview Content\"";
				DEVELOPMENT_TEAM = 4U68PU9223;
				ENABLE_HARDENED_RUNTIME = YES;
				ENABLE_PREVIEWS = YES;
				GENERATE_INFOPLIST_FILE = YES;
				INFOPLIST_FILE = Markon/Info.plist;
				INFOPLIST_KEY_CFBundleDisplayName = MarkOn;
				INFOPLIST_KEY_LSApplicationCategoryType = "public.app-category.productivity";
				INFOPLIST_KEY_NSHumanReadableCopyright = "";
				INFOPLIST_KEY_UILaunchScreen_Generation = YES;
				INFOPLIST_KEY_UILaunchStoryboardName = "";
				INFOPLIST_KEY_UISupportedInterfaceOrientations = UIInterfaceOrientationPortrait;
				INFOPLIST_KEY_UISupportedInterfaceOrientations_iPad = "UIInterfaceOrientationLandscapeLeft UIInterfaceOrientationLandscapeRight UIInterfaceOrientationPortrait UIInterfaceOrientationPortraitUpsideDown";
				IPHONEOS_DEPLOYMENT_TARGET = 16.6;
				LD_RUNPATH_SEARCH_PATHS = (
					"$(inherited)",
					"@executable_path/../Frameworks",
				);
				MARKETING_VERSION = 1.0;
				PRODUCT_BUNDLE_IDENTIFIER = Fan.Markon;
				PRODUCT_NAME = "$(TARGET_NAME)";
				SUPPORTED_PLATFORMS = "iphoneos iphonesimulator macosx";
				SUPPORTS_MACCATALYST = NO;
				SWIFT_EMIT_LOC_STRINGS = YES;
				SWIFT_VERSION = 5.0;
				TARGETED_DEVICE_FAMILY = "1,2";
			};
			name = Release;
		};
		31985CB52C64B5E400C3273C /* Debug */ = {
			isa = XCBuildConfiguration;
			buildSettings = {
				ALWAYS_EMBED_SWIFT_STANDARD_LIBRARIES = YES;
				BUNDLE_LOADER = "$(TEST_HOST)";
				CODE_SIGN_STYLE = Automatic;
				CURRENT_PROJECT_VERSION = 1;
				DEVELOPMENT_TEAM = 4U68PU9223;
				GENERATE_INFOPLIST_FILE = YES;
				MACOSX_DEPLOYMENT_TARGET = 14.5;
				MARKETING_VERSION = 1.0;
				PRODUCT_BUNDLE_IDENTIFIER = Fan.MarkonTests;
				PRODUCT_NAME = "$(TARGET_NAME)";
				SWIFT_EMIT_LOC_STRINGS = NO;
				SWIFT_VERSION = 5.0;
				TEST_HOST = "$(BUILT_PRODUCTS_DIR)/Markon.app/$(BUNDLE_EXECUTABLE_FOLDER_PATH)/Markon";
			};
			name = Debug;
		};
		31985CB62C64B5E400C3273C /* Release */ = {
			isa = XCBuildConfiguration;
			buildSettings = {
				ALWAYS_EMBED_SWIFT_STANDARD_LIBRARIES = YES;
				BUNDLE_LOADER = "$(TEST_HOST)";
				CODE_SIGN_STYLE = Automatic;
				CURRENT_PROJECT_VERSION = 1;
				DEVELOPMENT_TEAM = 4U68PU9223;
				GENERATE_INFOPLIST_FILE = YES;
				MACOSX_DEPLOYMENT_TARGET = 14.5;
				MARKETING_VERSION = 1.0;
				PRODUCT_BUNDLE_IDENTIFIER = Fan.MarkonTests;
				PRODUCT_NAME = "$(TARGET_NAME)";
				SWIFT_EMIT_LOC_STRINGS = NO;
				SWIFT_VERSION = 5.0;
				TEST_HOST = "$(BUILT_PRODUCTS_DIR)/Markon.app/$(BUNDLE_EXECUTABLE_FOLDER_PATH)/Markon";
			};
			name = Release;
		};
		31985CB82C64B5E400C3273C /* Debug */ = {
			isa = XCBuildConfiguration;
			buildSettings = {
				ALWAYS_EMBED_SWIFT_STANDARD_LIBRARIES = YES;
				CODE_SIGN_STYLE = Automatic;
				CURRENT_PROJECT_VERSION = 1;
				DEVELOPMENT_TEAM = 4U68PU9223;
				GENERATE_INFOPLIST_FILE = YES;
				MARKETING_VERSION = 1.0;
				PRODUCT_BUNDLE_IDENTIFIER = Fan.MarkonUITests;
				PRODUCT_NAME = "$(TARGET_NAME)";
				SWIFT_EMIT_LOC_STRINGS = NO;
				SWIFT_VERSION = 5.0;
				TEST_TARGET_NAME = Markon;
			};
			name = Debug;
		};
		31985CB92C64B5E400C3273C /* Release */ = {
			isa = XCBuildConfiguration;
			buildSettings = {
				ALWAYS_EMBED_SWIFT_STANDARD_LIBRARIES = YES;
				CODE_SIGN_STYLE = Automatic;
				CURRENT_PROJECT_VERSION = 1;
				DEVELOPMENT_TEAM = 4U68PU9223;
				GENERATE_INFOPLIST_FILE = YES;
				MARKETING_VERSION = 1.0;
				PRODUCT_BUNDLE_IDENTIFIER = Fan.MarkonUITests;
				PRODUCT_NAME = "$(TARGET_NAME)";
				SWIFT_EMIT_LOC_STRINGS = NO;
				SWIFT_VERSION = 5.0;
				TEST_TARGET_NAME = Markon;
			};
			name = Release;
		};
		31985CD02C64F74F00C3273C /* Debug */ = {
			isa = XCBuildConfiguration;
			buildSettings = {
				CODE_SIGN_ENTITLEMENTS = MarkonExtension/MarkonExtension.entitlements;
				CODE_SIGN_STYLE = Automatic;
				CURRENT_PROJECT_VERSION = 1;
				DEVELOPMENT_TEAM = 4U68PU9223;
				ENABLE_HARDENED_RUNTIME = YES;
				GENERATE_INFOPLIST_FILE = YES;
				INFOPLIST_FILE = MarkonExtension/Info.plist;
				INFOPLIST_KEY_CFBundleDisplayName = Markon;
				INFOPLIST_KEY_NSHumanReadableCopyright = "";
				IPHONEOS_DEPLOYMENT_TARGET = 17.6;
				LD_RUNPATH_SEARCH_PATHS = (
					"$(inherited)",
					"@executable_path/../Frameworks",
					"@executable_path/../../../../Frameworks",
				);
				MARKETING_VERSION = 1.0;
				PRODUCT_BUNDLE_IDENTIFIER = Fan.Markon.MarkonExtension;
				PRODUCT_NAME = "$(TARGET_NAME)";
				SKIP_INSTALL = YES;
				SUPPORTED_PLATFORMS = "iphoneos iphonesimulator macosx";
				SUPPORTS_MACCATALYST = NO;
				SWIFT_EMIT_LOC_STRINGS = YES;
				SWIFT_VERSION = 5.0;
				TARGETED_DEVICE_FAMILY = 1;
			};
			name = Debug;
		};
		31985CD12C64F74F00C3273C /* Release */ = {
			isa = XCBuildConfiguration;
			buildSettings = {
				CODE_SIGN_ENTITLEMENTS = MarkonExtension/MarkonExtension.entitlements;
				CODE_SIGN_STYLE = Automatic;
				CURRENT_PROJECT_VERSION = 1;
				DEVELOPMENT_TEAM = 4U68PU9223;
				ENABLE_HARDENED_RUNTIME = YES;
				GENERATE_INFOPLIST_FILE = YES;
				INFOPLIST_FILE = MarkonExtension/Info.plist;
				INFOPLIST_KEY_CFBundleDisplayName = Markon;
				INFOPLIST_KEY_NSHumanReadableCopyright = "";
				IPHONEOS_DEPLOYMENT_TARGET = 17.6;
				LD_RUNPATH_SEARCH_PATHS = (
					"$(inherited)",
					"@executable_path/../Frameworks",
					"@executable_path/../../../../Frameworks",
				);
				MARKETING_VERSION = 1.0;
				PRODUCT_BUNDLE_IDENTIFIER = Fan.Markon.MarkonExtension;
				PRODUCT_NAME = "$(TARGET_NAME)";
				SKIP_INSTALL = YES;
				SUPPORTED_PLATFORMS = "iphoneos iphonesimulator macosx";
				SUPPORTS_MACCATALYST = NO;
				SWIFT_EMIT_LOC_STRINGS = YES;
				SWIFT_VERSION = 5.0;
				TARGETED_DEVICE_FAMILY = 1;
			};
			name = Release;
		};
/* End XCBuildConfiguration section */

/* Begin XCConfigurationList section */
		31985C872C64B5E300C3273C /* Build configuration list for PBXProject "Markon" */ = {
			isa = XCConfigurationList;
			buildConfigurations = (
				31985CAF2C64B5E400C3273C /* Debug */,
				31985CB02C64B5E400C3273C /* Release */,
			);
			defaultConfigurationIsVisible = 0;
			defaultConfigurationName = Release;
		};
		31985CB12C64B5E400C3273C /* Build configuration list for PBXNativeTarget "Markon" */ = {
			isa = XCConfigurationList;
			buildConfigurations = (
				31985CB22C64B5E400C3273C /* Debug */,
				31985CB32C64B5E400C3273C /* Release */,
			);
			defaultConfigurationIsVisible = 0;
			defaultConfigurationName = Release;
		};
		31985CB42C64B5E400C3273C /* Build configuration list for PBXNativeTarget "MarkonTests" */ = {
			isa = XCConfigurationList;
			buildConfigurations = (
				31985CB52C64B5E400C3273C /* Debug */,
				31985CB62C64B5E400C3273C /* Release */,
			);
			defaultConfigurationIsVisible = 0;
			defaultConfigurationName = Release;
		};
		31985CB72C64B5E400C3273C /* Build configuration list for PBXNativeTarget "MarkonUITests" */ = {
			isa = XCConfigurationList;
			buildConfigurations = (
				31985CB82C64B5E400C3273C /* Debug */,
				31985CB92C64B5E400C3273C /* Release */,
			);
			defaultConfigurationIsVisible = 0;
			defaultConfigurationName = Release;
		};
		31985CCF2C64F74F00C3273C /* Build configuration list for PBXNativeTarget "MarkonExtension" */ = {
			isa = XCConfigurationList;
			buildConfigurations = (
				31985CD02C64F74F00C3273C /* Debug */,
				31985CD12C64F74F00C3273C /* Release */,
			);
			defaultConfigurationIsVisible = 0;
			defaultConfigurationName = Release;
		};
/* End XCConfigurationList section */
	};
	rootObject = 31985C842C64B5E300C3273C /* Project object */;
}
